
Microsoft Visual Studio Solution File, Format Version 12.00
# Visual Studio Version 17
VisualStudioVersion = 17.9.34902.65
MinimumVisualStudioVersion = 10.0.40219.1
Project("{FAE04EC0-301F-11D3-BF4B-00C04F79EFBC}") = "Nochu", "Nochu\Nochu.csproj", "{C5363B2D-101B-4599-990B-77245D4A60B6}"
EndProject
Global
	GlobalSection(SolutionConfigurationPlatforms) = preSolution
		Debug|Any CPU = Debug|Any CPU
		Release|Any CPU = Release|Any CPU
	EndGlobalSection
	GlobalSection(ProjectConfigurationPlatforms) = postSolution
		{C5363B2D-101B-4599-990B-77245D4A60B6}.Debug|Any CPU.ActiveCfg = Debug|Any CPU
		{C5363B2D-101B-4599-990B-77245D4A60B6}.Debug|Any CPU.Build.0 = Debug|Any CPU
		{C5363B2D-101B-4599-990B-77245D4A60B6}.Release|Any CPU.ActiveCfg = Release|Any CPU
		{C5363B2D-101B-4599-990B-77245D4A60B6}.Release|Any CPU.Build.0 = Release|Any CPU
	EndGlobalSection
	GlobalSection(SolutionProperties) = preSolution
		HideSolutionNode = FALSE
	EndGlobalSection
	GlobalSection(ExtensibilityGlobals) = postSolution
		SolutionGuid = {384FE1BD-20D3-4C96-9DC0-C7DD73F8BC9F}
	EndGlobalSection
EndGlobal
